// !$*UTF8*$!
{
	archiveVersion = 1;
	classes = {
	};
	objectVersion = 46;
	objects = {

/* Begin PBXBuildFile section */
		C9B882101934C5370018C3C3 /* Foundation.framework in Frameworks */ = {isa = PBXBuildFile; fileRef = C9B8820F1934C5370018C3C3 /* Foundation.framework */; };
		C9B882121934C5370018C3C3 /* CoreGraphics.framework in Frameworks */ = {isa = PBXBuildFile; fileRef = C9B882111934C5370018C3C3 /* CoreGraphics.framework */; };
		C9B882141934C5370018C3C3 /* UIKit.framework in Frameworks */ = {isa = PBXBuildFile; fileRef = C9B882131934C5370018C3C3 /* UIKit.framework */; };
		C9B8821A1934C5370018C3C3 /* InfoPlist.strings in Resources */ = {isa = PBXBuildFile; fileRef = C9B882181934C5370018C3C3 /* InfoPlist.strings */; };
		C9B8821C1934C5370018C3C3 /* main.m in Sources */ = {isa = PBXBuildFile; fileRef = C9B8821B1934C5370018C3C3 /* main.m */; };
		C9B882201934C5370018C3C3 /* CardGameAppDelegate.m in Sources */ = {isa = PBXBuildFile; fileRef = C9B8821F1934C5370018C3C3 /* CardGameAppDelegate.m */; };
		C9B882231934C5370018C3C3 /* Main.storyboard in Resources */ = {isa = PBXBuildFile; fileRef = C9B882211934C5370018C3C3 /* Main.storyboard */; };
		C9B882261934C5370018C3C3 /* CardGameViewController.m in Sources */ = {isa = PBXBuildFile; fileRef = C9B882251934C5370018C3C3 /* CardGameViewController.m */; };
		C9B882281934C5370018C3C3 /* Images.xcassets in Resources */ = {isa = PBXBuildFile; fileRef = C9B882271934C5370018C3C3 /* Images.xcassets */; };
		C9B8822F1934C5370018C3C3 /* XCTest.framework in Frameworks */ = {isa = PBXBuildFile; fileRef = C9B8822E1934C5370018C3C3 /* XCTest.framework */; };
		C9B882301934C5370018C3C3 /* Foundation.framework in Frameworks */ = {isa = PBXBuildFile; fileRef = C9B8820F1934C5370018C3C3 /* Foundation.framework */; };
		C9B882311934C5370018C3C3 /* UIKit.framework in Frameworks */ = {isa = PBXBuildFile; fileRef = C9B882131934C5370018C3C3 /* UIKit.framework */; };
		C9B882391934C5370018C3C3 /* InfoPlist.strings in Resources */ = {isa = PBXBuildFile; fileRef = C9B882371934C5370018C3C3 /* InfoPlist.strings */; };
		C9B8823B1934C5370018C3C3 /* MatchismoTests.m in Sources */ = {isa = PBXBuildFile; fileRef = C9B8823A1934C5370018C3C3 /* MatchismoTests.m */; };
/* End PBXBuildFile section */

/* Begin PBXContainerItemProxy section */
		C9B882321934C5370018C3C3 /* PBXContainerItemProxy */ = {
			isa = PBXContainerItemProxy;
			containerPortal = C9B882041934C5370018C3C3 /* Project object */;
			proxyType = 1;
			remoteGlobalIDString = C9B8820B1934C5370018C3C3;
			remoteInfo = Matchismo;
		};
/* End PBXContainerItemProxy section */

/* Begin PBXFileReference section */
		C9B8820C1934C5370018C3C3 /* Matchismo.app */ = {isa = PBXFileReference; explicitFileType = wrapper.application; includeInIndex = 0; path = Matchismo.app; sourceTree = BUILT_PRODUCTS_DIR; };
		C9B8820F1934C5370018C3C3 /* Foundation.framework */ = {isa = PBXFileReference; lastKnownFileType = wrapper.framework; name = Foundation.framework; path = System/Library/Frameworks/Foundation.framework; sourceTree = SDKROOT; };
		C9B882111934C5370018C3C3 /* CoreGraphics.framework */ = {isa = PBXFileReference; lastKnownFileType = wrapper.framework; name = CoreGraphics.framework; path = System/Library/Frameworks/CoreGraphics.framework; sourceTree = SDKROOT; };
		C9B882131934C5370018C3C3 /* UIKit.framework */ = {isa = PBXFileReference; lastKnownFileType = wrapper.framework; name = UIKit.framework; path = System/Library/Frameworks/UIKit.framework; sourceTree = SDKROOT; };
		C9B882171934C5370018C3C3 /* Matchismo-Info.plist */ = {isa = PBXFileReference; lastKnownFileType = text.plist.xml; path = "Matchismo-Info.plist"; sourceTree = "<group>"; };
		C9B882191934C5370018C3C3 /* en */ = {isa = PBXFileReference; lastKnownFileType = text.plist.strings; name = en; path = en.lproj/InfoPlist.strings; sourceTree = "<group>"; };
		C9B8821B1934C5370018C3C3 /* main.m */ = {isa = PBXFileReference; lastKnownFileType = sourcecode.c.objc; path = main.m; sourceTree = "<group>"; };
		C9B8821D1934C5370018C3C3 /* Matchismo-Prefix.pch */ = {isa = PBXFileReference; lastKnownFileType = sourcecode.c.h; path = "Matchismo-Prefix.pch"; sourceTree = "<group>"; };
		C9B8821E1934C5370018C3C3 /* CardGameAppDelegate.h */ = {isa = PBXFileReference; lastKnownFileType = sourcecode.c.h; path = CardGameAppDelegate.h; sourceTree = "<group>"; };
		C9B8821F1934C5370018C3C3 /* CardGameAppDelegate.m */ = {isa = PBXFileReference; lastKnownFileType = sourcecode.c.objc; path = CardGameAppDelegate.m; sourceTree = "<group>"; };
		C9B882221934C5370018C3C3 /* Base */ = {isa = PBXFileReference; lastKnownFileType = file.storyboard; name = Base; path = Base.lproj/Main.storyboard; sourceTree = "<group>"; };
		C9B882241934C5370018C3C3 /* CardGameViewController.h */ = {isa = PBXFileReference; lastKnownFileType = sourcecode.c.h; path = CardGameViewController.h; sourceTree = "<group>"; };
		C9B882251934C5370018C3C3 /* CardGameViewController.m */ = {isa = PBXFileReference; lastKnownFileType = sourcecode.c.objc; path = CardGameViewController.m; sourceTree = "<group>"; };
		C9B882271934C5370018C3C3 /* Images.xcassets */ = {isa = PBXFileReference; lastKnownFileType = folder.assetcatalog; path = Images.xcassets; sourceTree = "<group>"; };
		C9B8822D1934C5370018C3C3 /* MatchismoTests.xctest */ = {isa = PBXFileReference; explicitFileType = wrapper.cfbundle; includeInIndex = 0; path = MatchismoTests.xctest; sourceTree = BUILT_PRODUCTS_DIR; };
		C9B8822E1934C5370018C3C3 /* XCTest.framework */ = {isa = PBXFileReference; lastKnownFileType = wrapper.framework; name = XCTest.framework; path = Library/Frameworks/XCTest.framework; sourceTree = DEVELOPER_DIR; };
		C9B882361934C5370018C3C3 /* MatchismoTests-Info.plist */ = {isa = PBXFileReference; lastKnownFileType = text.plist.xml; path = "MatchismoTests-Info.plist"; sourceTree = "<group>"; };
		C9B882381934C5370018C3C3 /* en */ = {isa = PBXFileReference; lastKnownFileType = text.plist.strings; name = en; path = en.lproj/InfoPlist.strings; sourceTree = "<group>"; };
		C9B8823A1934C5370018C3C3 /* MatchismoTests.m */ = {isa = PBXFileReference; lastKnownFileType = sourcecode.c.objc; path = MatchismoTests.m; sourceTree = "<group>"; };
/* End PBXFileReference section */

/* Begin PBXFrameworksBuildPhase section */
		C9B882091934C5370018C3C3 /* Frameworks */ = {
			isa = PBXFrameworksBuildPhase;
			buildActionMask = 2147483647;
			files = (
				C9B882121934C5370018C3C3 /* CoreGraphics.framework in Frameworks */,
				C9B882141934C5370018C3C3 /* UIKit.framework in Frameworks */,
				C9B882101934C5370018C3C3 /* Foundation.framework in Frameworks */,
			);
			runOnlyForDeploymentPostprocessing = 0;
		};
		C9B8822A1934C5370018C3C3 /* Frameworks */ = {
			isa = PBXFrameworksBuildPhase;
			buildActionMask = 2147483647;
			files = (
				C9B8822F1934C5370018C3C3 /* XCTest.framework in Frameworks */,
				C9B882311934C5370018C3C3 /* UIKit.framework in Frameworks */,
				C9B882301934C5370018C3C3 /* Foundation.framework in Frameworks */,
			);
			runOnlyForDeploymentPostprocessing = 0;
		};
/* End PBXFrameworksBuildPhase section */

/* Begin PBXGroup section */
		C9B882031934C5370018C3C3 = {
			isa = PBXGroup;
			children = (
				C9B882151934C5370018C3C3 /* Matchismo */,
				C9B882341934C5370018C3C3 /* MatchismoTests */,
				C9B8820E1934C5370018C3C3 /* Frameworks */,
				C9B8820D1934C5370018C3C3 /* Products */,
			);
			sourceTree = "<group>";
		};
		C9B8820D1934C5370018C3C3 /* Products */ = {
			isa = PBXGroup;
			children = (
				C9B8820C1934C5370018C3C3 /* Matchismo.app */,
				C9B8822D1934C5370018C3C3 /* MatchismoTests.xctest */,
			);
			name = Products;
			sourceTree = "<group>";
		};
		C9B8820E1934C5370018C3C3 /* Frameworks */ = {
			isa = PBXGroup;
			children = (
				C9B8820F1934C5370018C3C3 /* Foundation.framework */,
				C9B882111934C5370018C3C3 /* CoreGraphics.framework */,
				C9B882131934C5370018C3C3 /* UIKit.framework */,
				C9B8822E1934C5370018C3C3 /* XCTest.framework */,
			);
			name = Frameworks;
			sourceTree = "<group>";
		};
		C9B882151934C5370018C3C3 /* Matchismo */ = {
			isa = PBXGroup;
			children = (
				C9B8821E1934C5370018C3C3 /* CardGameAppDelegate.h */,
				C9B8821F1934C5370018C3C3 /* CardGameAppDelegate.m */,
				C9B882211934C5370018C3C3 /* Main.storyboard */,
				C9B882241934C5370018C3C3 /* CardGameViewController.h */,
				C9B882251934C5370018C3C3 /* CardGameViewController.m */,
				C9B882271934C5370018C3C3 /* Images.xcassets */,
				C9B882161934C5370018C3C3 /* Supporting Files */,
			);
			path = Matchismo;
			sourceTree = "<group>";
		};
		C9B882161934C5370018C3C3 /* Supporting Files */ = {
			isa = PBXGroup;
			children = (
				C9B882171934C5370018C3C3 /* Matchismo-Info.plist */,
				C9B882181934C5370018C3C3 /* InfoPlist.strings */,
				C9B8821B1934C5370018C3C3 /* main.m */,
				C9B8821D1934C5370018C3C3 /* Matchismo-Prefix.pch */,
			);
			name = "Supporting Files";
			sourceTree = "<group>";
		};
		C9B882341934C5370018C3C3 /* MatchismoTests */ = {
			isa = PBXGroup;
			children = (
				C9B8823A1934C5370018C3C3 /* MatchismoTests.m */,
				C9B882351934C5370018C3C3 /* Supporting Files */,
			);
			path = MatchismoTests;
			sourceTree = "<group>";
		};
		C9B882351934C5370018C3C3 /* Supporting Files */ = {
			isa = PBXGroup;
			children = (
				C9B882361934C5370018C3C3 /* MatchismoTests-Info.plist */,
				C9B882371934C5370018C3C3 /* InfoPlist.strings */,
			);
			name = "Supporting Files";
			sourceTree = "<group>";
		};
/* End PBXGroup section */

/* Begin PBXNativeTarget section */
		C9B8820B1934C5370018C3C3 /* Matchismo */ = {
			isa = PBXNativeTarget;
			buildConfigurationList = C9B8823E1934C5370018C3C3 /* Build configuration list for PBXNativeTarget "Matchismo" */;
			buildPhases = (
				C9B882081934C5370018C3C3 /* Sources */,
				C9B882091934C5370018C3C3 /* Frameworks */,
				C9B8820A1934C5370018C3C3 /* Resources */,
			);
			buildRules = (
			);
			dependencies = (
			);
			name = Matchismo;
			productName = Matchismo;
			productReference = C9B8820C1934C5370018C3C3 /* Matchismo.app */;
			productType = "com.apple.product-type.application";
		};
		C9B8822C1934C5370018C3C3 /* MatchismoTests */ = {
			isa = PBXNativeTarget;
			buildConfigurationList = C9B882411934C5370018C3C3 /* Build configuration list for PBXNativeTarget "MatchismoTests" */;
			buildPhases = (
				C9B882291934C5370018C3C3 /* Sources */,
				C9B8822A1934C5370018C3C3 /* Frameworks */,
				C9B8822B1934C5370018C3C3 /* Resources */,
			);
			buildRules = (
			);
			dependencies = (
				C9B882331934C5370018C3C3 /* PBXTargetDependency */,
			);
			name = MatchismoTests;
			productName = MatchismoTests;
			productReference = C9B8822D1934C5370018C3C3 /* MatchismoTests.xctest */;
			productType = "com.apple.product-type.bundle.unit-test";
		};
/* End PBXNativeTarget section */

/* Begin PBXProject section */
		C9B882041934C5370018C3C3 /* Project object */ = {
			isa = PBXProject;
			attributes = {
				CLASSPREFIX = CardGame;
				LastUpgradeCheck = 0510;
				ORGANIZATIONNAME = tiniestTime;
				TargetAttributes = {
					C9B8822C1934C5370018C3C3 = {
						TestTargetID = C9B8820B1934C5370018C3C3;
					};
				};
			};
			buildConfigurationList = C9B882071934C5370018C3C3 /* Build configuration list for PBXProject "Matchismo" */;
			compatibilityVersion = "Xcode 3.2";
			developmentRegion = English;
			hasScannedForEncodings = 0;
			knownRegions = (
				en,
				Base,
			);
			mainGroup = C9B882031934C5370018C3C3;
			productRefGroup = C9B8820D1934C5370018C3C3 /* Products */;
			projectDirPath = "";
			projectRoot = "";
			targets = (
				C9B8820B1934C5370018C3C3 /* Matchismo */,
				C9B8822C1934C5370018C3C3 /* MatchismoTests */,
			);
		};
/* End PBXProject section */

/* Begin PBXResourcesBuildPhase section */
		C9B8820A1934C5370018C3C3 /* Resources */ = {
			isa = PBXResourcesBuildPhase;
			buildActionMask = 2147483647;
			files = (
				C9B882281934C5370018C3C3 /* Images.xcassets in Resources */,
				C9B8821A1934C5370018C3C3 /* InfoPlist.strings in Resources */,
				C9B882231934C5370018C3C3 /* Main.storyboard in Resources */,
			);
			runOnlyForDeploymentPostprocessing = 0;
		};
		C9B8822B1934C5370018C3C3 /* Resources */ = {
			isa = PBXResourcesBuildPhase;
			buildActionMask = 2147483647;
			files = (
				C9B882391934C5370018C3C3 /* InfoPlist.strings in Resources */,
			);
			runOnlyForDeploymentPostprocessing = 0;
		};
/* End PBXResourcesBuildPhase section */

/* Begin PBXSourcesBuildPhase section */
		C9B882081934C5370018C3C3 /* Sources */ = {
			isa = PBXSourcesBuildPhase;
			buildActionMask = 2147483647;
			files = (
				C9B882201934C5370018C3C3 /* CardGameAppDelegate.m in Sources */,
				C9B882261934C5370018C3C3 /* CardGameViewController.m in Sources */,
				C9B8821C1934C5370018C3C3 /* main.m in Sources */,
			);
			runOnlyForDeploymentPostprocessing = 0;
		};
		C9B882291934C5370018C3C3 /* Sources */ = {
			isa = PBXSourcesBuildPhase;
			buildActionMask = 2147483647;
			files = (
				C9B8823B1934C5370018C3C3 /* MatchismoTests.m in Sources */,
			);
			runOnlyForDeploymentPostprocessing = 0;
		};
/* End PBXSourcesBuildPhase section */

/* Begin PBXTargetDependency section */
		C9B882331934C5370018C3C3 /* PBXTargetDependency */ = {
			isa = PBXTargetDependency;
			target = C9B8820B1934C5370018C3C3 /* Matchismo */;
			targetProxy = C9B882321934C5370018C3C3 /* PBXContainerItemProxy */;
		};
/* End PBXTargetDependency section */

/* Begin PBXVariantGroup section */
		C9B882181934C5370018C3C3 /* InfoPlist.strings */ = {
			isa = PBXVariantGroup;
			children = (
				C9B882191934C5370018C3C3 /* en */,
			);
			name = InfoPlist.strings;
			sourceTree = "<group>";
		};
		C9B882211934C5370018C3C3 /* Main.storyboard */ = {
			isa = PBXVariantGroup;
			children = (
				C9B882221934C5370018C3C3 /* Base */,
			);
			name = Main.storyboard;
			sourceTree = "<group>";
		};
		C9B882371934C5370018C3C3 /* InfoPlist.strings */ = {
			isa = PBXVariantGroup;
			children = (
				C9B882381934C5370018C3C3 /* en */,
			);
			name = InfoPlist.strings;
			sourceTree = "<group>";
		};
/* End PBXVariantGroup section */

/* Begin XCBuildConfiguration section */
		C9B8823C1934C5370018C3C3 /* Debug */ = {
			isa = XCBuildConfiguration;
			buildSettings = {
				ALWAYS_SEARCH_USER_PATHS = NO;
				CLANG_CXX_LANGUAGE_STANDARD = "gnu++0x";
				CLANG_CXX_LIBRARY = "libc++";
				CLANG_ENABLE_MODULES = YES;
				CLANG_ENABLE_OBJC_ARC = YES;
				CLANG_WARN_BOOL_CONVERSION = YES;
				CLANG_WARN_CONSTANT_CONVERSION = YES;
				CLANG_WARN_DIRECT_OBJC_ISA_USAGE = YES_ERROR;
				CLANG_WARN_EMPTY_BODY = YES;
				CLANG_WARN_ENUM_CONVERSION = YES;
				CLANG_WARN_INT_CONVERSION = YES;
				CLANG_WARN_OBJC_ROOT_CLASS = YES_ERROR;
				CLANG_WARN__DUPLICATE_METHOD_MATCH = YES;
				"CODE_SIGN_IDENTITY[sdk=iphoneos*]" = "iPhone Developer";
				COPY_PHASE_STRIP = NO;
				GCC_C_LANGUAGE_STANDARD = gnu99;
				GCC_DYNAMIC_NO_PIC = NO;
				GCC_OPTIMIZATION_LEVEL = 0;
				GCC_PREPROCESSOR_DEFINITIONS = (
					"DEBUG=1",
					"$(inherited)",
				);
				GCC_SYMBOLS_PRIVATE_EXTERN = NO;
				GCC_WARN_64_TO_32_BIT_CONVERSION = YES;
				GCC_WARN_ABOUT_RETURN_TYPE = YES_ERROR;
				GCC_WARN_UNDECLARED_SELECTOR = YES;
				GCC_WARN_UNINITIALIZED_AUTOS = YES_AGGRESSIVE;
				GCC_WARN_UNUSED_FUNCTION = YES;
				GCC_WARN_UNUSED_VARIABLE = YES;
				IPHONEOS_DEPLOYMENT_TARGET = 7.1;
				ONLY_ACTIVE_ARCH = YES;
				SDKROOT = iphoneos;
			};
			name = Debug;
		};
		C9B8823D1934C5370018C3C3 /* Release */ = {
			isa = XCBuildConfiguration;
			buildSettings = {
				ALWAYS_SEARCH_USER_PATHS = NO;
				CLANG_CXX_LANGUAGE_STANDARD = "gnu++0x";
				CLANG_CXX_LIBRARY = "libc++";
				CLANG_ENABLE_MODULES = YES;
				CLANG_ENABLE_OBJC_ARC = YES;
				CLANG_WARN_BOOL_CONVERSION = YES;
				CLANG_WARN_CONSTANT_CONVERSION = YES;
				CLANG_WARN_DIRECT_OBJC_ISA_USAGE = YES_ERROR;
				CLANG_WARN_EMPTY_BODY = YES;
				CLANG_WARN_ENUM_CONVERSION = YES;
				CLANG_WARN_INT_CONVERSION = YES;
				CLANG_WARN_OBJC_ROOT_CLASS = YES_ERROR;
				CLANG_WARN__DUPLICATE_METHOD_MATCH = YES;
				"CODE_SIGN_IDENTITY[sdk=iphoneos*]" = "iPhone Developer";
				COPY_PHASE_STRIP = YES;
				ENABLE_NS_ASSERTIONS = NO;
				GCC_C_LANGUAGE_STANDARD = gnu99;
				GCC_WARN_64_TO_32_BIT_CONVERSION = YES;
				GCC_WARN_ABOUT_RETURN_TYPE = YES_ERROR;
				GCC_WARN_UNDECLARED_SELECTOR = YES;
				GCC_WARN_UNINITIALIZED_AUTOS = YES_AGGRESSIVE;
				GCC_WARN_UNUSED_FUNCTION = YES;
				GCC_WARN_UNUSED_VARIABLE = YES;
				IPHONEOS_DEPLOYMENT_TARGET = 7.1;
				SDKROOT = iphoneos;
				VALIDATE_PRODUCT = YES;
			};
			name = Release;
		};
		C9B8823F1934C5370018C3C3 /* Debug */ = {
			isa = XCBuildConfiguration;
			buildSettings = {
				ASSETCATALOG_COMPILER_APPICON_NAME = AppIcon;
				ASSETCATALOG_COMPILER_LAUNCHIMAGE_NAME = LaunchImage;
				GCC_PRECOMPILE_PREFIX_HEADER = YES;
				GCC_PREFIX_HEADER = "Matchismo/Matchismo-Prefix.pch";
				INFOPLIST_FILE = "Matchismo/Matchismo-Info.plist";
				PRODUCT_NAME = "$(TARGET_NAME)";
				WRAPPER_EXTENSION = app;
			};
			name = Debug;
		};
		C9B882401934C5370018C3C3 /* Release */ = {
			isa = XCBuildConfiguration;
			buildSettings = {
				ASSETCATALOG_COMPILER_APPICON_NAME = AppIcon;
				ASSETCATALOG_COMPILER_LAUNCHIMAGE_NAME = LaunchImage;
				GCC_PRECOMPILE_PREFIX_HEADER = YES;
				GCC_PREFIX_HEADER = "Matchismo/Matchismo-Prefix.pch";
				INFOPLIST_FILE = "Matchismo/Matchismo-Info.plist";
				PRODUCT_NAME = "$(TARGET_NAME)";
				WRAPPER_EXTENSION = app;
			};
			name = Release;
		};
		C9B882421934C5370018C3C3 /* Debug */ = {
			isa = XCBuildConfiguration;
			buildSettings = {
				BUNDLE_LOADER = "$(BUILT_PRODUCTS_DIR)/Matchismo.app/Matchismo";
				FRAMEWORK_SEARCH_PATHS = (
					"$(SDKROOT)/Developer/Library/Frameworks",
					"$(inherited)",
					"$(DEVELOPER_FRAMEWORKS_DIR)",
				);
				GCC_PRECOMPILE_PREFIX_HEADER = YES;
				GCC_PREFIX_HEADER = "Matchismo/Matchismo-Prefix.pch";
				GCC_PREPROCESSOR_DEFINITIONS = (
					"DEBUG=1",
					"$(inherited)",
				);
				INFOPLIST_FILE = "MatchismoTests/MatchismoTests-Info.plist";
				PRODUCT_NAME = "$(TARGET_NAME)";
				TEST_HOST = "$(BUNDLE_LOADER)";
				WRAPPER_EXTENSION = xctest;
			};
			name = Debug;
		};
		C9B882431934C5370018C3C3 /* Release */ = {
			isa = XCBuildConfiguration;
			buildSettings = {
				BUNDLE_LOADER = "$(BUILT_PRODUCTS_DIR)/Matchismo.app/Matchismo";
				FRAMEWORK_SEARCH_PATHS = (
					"$(SDKROOT)/Developer/Library/Frameworks",
					"$(inherited)",
					"$(DEVELOPER_FRAMEWORKS_DIR)",
				);
				GCC_PRECOMPILE_PREFIX_HEADER = YES;
				GCC_PREFIX_HEADER = "Matchismo/Matchismo-Prefix.pch";
				INFOPLIST_FILE = "MatchismoTests/MatchismoTests-Info.plist";
				PRODUCT_NAME = "$(TARGET_NAME)";
				TEST_HOST = "$(BUNDLE_LOADER)";
				WRAPPER_EXTENSION = xctest;
			};
			name = Release;
		};
/* End XCBuildConfiguration section */

/* Begin XCConfigurationList section */
		C9B882071934C5370018C3C3 /* Build configuration list for PBXProject "Matchismo" */ = {
			isa = XCConfigurationList;
			buildConfigurations = (
				C9B8823C1934C5370018C3C3 /* Debug */,
				C9B8823D1934C5370018C3C3 /* Release */,
			);
			defaultConfigurationIsVisible = 0;
			defaultConfigurationName = Release;
		};
		C9B8823E1934C5370018C3C3 /* Build configuration list for PBXNativeTarget "Matchismo" */ = {
			isa = XCConfigurationList;
			buildConfigurations = (
				C9B8823F1934C5370018C3C3 /* Debug */,
				C9B882401934C5370018C3C3 /* Release */,
			);
			defaultConfigurationIsVisible = 0;
		};
		C9B882411934C5370018C3C3 /* Build configuration list for PBXNativeTarget "MatchismoTests" */ = {
			isa = XCConfigurationList;
			buildConfigurations = (
				C9B882421934C5370018C3C3 /* Debug */,
				C9B882431934C5370018C3C3 /* Release */,
			);
			defaultConfigurationIsVisible = 0;
		};
/* End XCConfigurationList section */
	};
	rootObject = C9B882041934C5370018C3C3 /* Project object */;
}
